
Microsoft Visual Studio Solution File, Format Version 12.00
# Visual Studio 15
VisualStudioVersion = 15.0.28307.489
MinimumVisualStudioVersion = 10.0.40219.1
Project("{FAE04EC0-301F-11D3-BF4B-00C04F79EFBC}") = "SeaBattle", "SeaBattle\SeaBattle.csproj", "{4C89D5CE-A5B6-424E-BDB5-F36D0A8581A3}"
EndProject
Global
	GlobalSection(SolutionConfigurationPlatforms) = preSolution
		Debug|Any CPU = Debug|Any CPU
		Release|Any CPU = Release|Any CPU
	EndGlobalSection
	GlobalSection(ProjectConfigurationPlatforms) = postSolution
		{4C89D5CE-A5B6-424E-BDB5-F36D0A8581A3}.Debug|Any CPU.ActiveCfg = Debug|Any CPU
		{4C89D5CE-A5B6-424E-BDB5-F36D0A8581A3}.Debug|Any CPU.Build.0 = Debug|Any CPU
		{4C89D5CE-A5B6-424E-BDB5-F36D0A8581A3}.Release|Any CPU.ActiveCfg = Release|Any CPU
		{4C89D5CE-A5B6-424E-BDB5-F36D0A8581A3}.Release|Any CPU.Build.0 = Release|Any CPU
	EndGlobalSection
	GlobalSection(SolutionProperties) = preSolution
		HideSolutionNode = FALSE
	EndGlobalSection
	GlobalSection(ExtensibilityGlobals) = postSolution
		SolutionGuid = {23AC7719-B247-4D8B-B70E-FF58436D2701}
	EndGlobalSection
EndGlobal
